// !$*UTF8*$!
{
	archiveVersion = 1;
	classes = {
	};
	objectVersion = 46;
	objects = {

/* Begin PBXBuildFile section */
		3C668F671D75E6910010B303 /* AppDelegate.swift in Sources */ = {isa = PBXBuildFile; fileRef = 3C668F661D75E6910010B303 /* AppDelegate.swift */; };
		3C668F691D75E6910010B303 /* ViewController.swift in Sources */ = {isa = PBXBuildFile; fileRef = 3C668F681D75E6910010B303 /* ViewController.swift */; };
		3C668F6C1D75E6910010B303 /* Main.storyboard in Resources */ = {isa = PBXBuildFile; fileRef = 3C668F6A1D75E6910010B303 /* Main.storyboard */; };
		3C668F6E1D75E6910010B303 /* Assets.xcassets in Resources */ = {isa = PBXBuildFile; fileRef = 3C668F6D1D75E6910010B303 /* Assets.xcassets */; };
		3C668F711D75E6910010B303 /* LaunchScreen.storyboard in Resources */ = {isa = PBXBuildFile; fileRef = 3C668F6F1D75E6910010B303 /* LaunchScreen.storyboard */; };
		3CA5E2D31D77BEE400A26E94 /* background.png in Resources */ = {isa = PBXBuildFile; fileRef = 3CA5E2D21D77BEE400A26E94 /* background.png */; };
/* End PBXBuildFile section */

/* Begin PBXFileReference section */
		3C668F631D75E6910010B303 /* Whats The Weather.app */ = {isa = PBXFileReference; explicitFileType = wrapper.application; includeInIndex = 0; path = "Whats The Weather.app"; sourceTree = BUILT_PRODUCTS_DIR; };
		3C668F661D75E6910010B303 /* AppDelegate.swift */ = {isa = PBXFileReference; lastKnownFileType = sourcecode.swift; path = AppDelegate.swift; sourceTree = "<group>"; };
		3C668F681D75E6910010B303 /* ViewController.swift */ = {isa = PBXFileReference; lastKnownFileType = sourcecode.swift; path = ViewController.swift; sourceTree = "<group>"; };
		3C668F6B1D75E6910010B303 /* Base */ = {isa = PBXFileReference; lastKnownFileType = file.storyboard; name = Base; path = Base.lproj/Main.storyboard; sourceTree = "<group>"; };
		3C668F6D1D75E6910010B303 /* Assets.xcassets */ = {isa = PBXFileReference; lastKnownFileType = folder.assetcatalog; path = Assets.xcassets; sourceTree = "<group>"; };
		3C668F701D75E6910010B303 /* Base */ = {isa = PBXFileReference; lastKnownFileType = file.storyboard; name = Base; path = Base.lproj/LaunchScreen.storyboard; sourceTree = "<group>"; };
		3C668F721D75E6910010B303 /* Info.plist */ = {isa = PBXFileReference; lastKnownFileType = text.plist.xml; path = Info.plist; sourceTree = "<group>"; };
		3CA5E2D21D77BEE400A26E94 /* background.png */ = {isa = PBXFileReference; lastKnownFileType = image.png; path = background.png; sourceTree = "<group>"; };
/* End PBXFileReference section */

/* Begin PBXFrameworksBuildPhase section */
		3C668F601D75E6910010B303 /* Frameworks */ = {
			isa = PBXFrameworksBuildPhase;
			buildActionMask = 2147483647;
			files = (
			);
			runOnlyForDeploymentPostprocessing = 0;
		};
/* End PBXFrameworksBuildPhase section */

/* Begin PBXGroup section */
		3C668F5A1D75E6910010B303 = {
			isa = PBXGroup;
			children = (
				3C668F651D75E6910010B303 /* Whats The Weather */,
				3C668F641D75E6910010B303 /* Products */,
			);
			sourceTree = "<group>";
		};
		3C668F641D75E6910010B303 /* Products */ = {
			isa = PBXGroup;
			children = (
				3C668F631D75E6910010B303 /* Whats The Weather.app */,
			);
			name = Products;
			sourceTree = "<group>";
		};
		3C668F651D75E6910010B303 /* Whats The Weather */ = {
			isa = PBXGroup;
			children = (
				3C668F661D75E6910010B303 /* AppDelegate.swift */,
				3C668F681D75E6910010B303 /* ViewController.swift */,
				3C668F6A1D75E6910010B303 /* Main.storyboard */,
				3CA5E2D21D77BEE400A26E94 /* background.png */,
				3C668F6D1D75E6910010B303 /* Assets.xcassets */,
				3C668F6F1D75E6910010B303 /* LaunchScreen.storyboard */,
				3C668F721D75E6910010B303 /* Info.plist */,
			);
			path = "Whats The Weather";
			sourceTree = "<group>";
		};
/* End PBXGroup section */

/* Begin PBXNativeTarget section */
		3C668F621D75E6910010B303 /* Whats The Weather */ = {
			isa = PBXNativeTarget;
			buildConfigurationList = 3C668F751D75E6910010B303 /* Build configuration list for PBXNativeTarget "Whats The Weather" */;
			buildPhases = (
				3C668F5F1D75E6910010B303 /* Sources */,
				3C668F601D75E6910010B303 /* Frameworks */,
				3C668F611D75E6910010B303 /* Resources */,
			);
			buildRules = (
			);
			dependencies = (
			);
			name = "Whats The Weather";
			productName = "Whats The Weather";
			productReference = 3C668F631D75E6910010B303 /* Whats The Weather.app */;
			productType = "com.apple.product-type.application";
		};
/* End PBXNativeTarget section */

/* Begin PBXProject section */
		3C668F5B1D75E6910010B303 /* Project object */ = {
			isa = PBXProject;
			attributes = {
				LastSwiftUpdateCheck = 0730;
				LastUpgradeCheck = 0730;
				ORGANIZATIONNAME = mycompany;
				TargetAttributes = {
					3C668F621D75E6910010B303 = {
						CreatedOnToolsVersion = 7.3.1;
						DevelopmentTeam = ZM6MZ66QHY;
					};
				};
			};
			buildConfigurationList = 3C668F5E1D75E6910010B303 /* Build configuration list for PBXProject "Whats The Weather" */;
			compatibilityVersion = "Xcode 3.2";
			developmentRegion = English;
			hasScannedForEncodings = 0;
			knownRegions = (
				en,
				Base,
			);
			mainGroup = 3C668F5A1D75E6910010B303;
			productRefGroup = 3C668F641D75E6910010B303 /* Products */;
			projectDirPath = "";
			projectRoot = "";
			targets = (
				3C668F621D75E6910010B303 /* Whats The Weather */,
			);
		};
/* End PBXProject section */

/* Begin PBXResourcesBuildPhase section */
		3C668F611D75E6910010B303 /* Resources */ = {
			isa = PBXResourcesBuildPhase;
			buildActionMask = 2147483647;
			files = (
				3C668F711D75E6910010B303 /* LaunchScreen.storyboard in Resources */,
				3CA5E2D31D77BEE400A26E94 /* background.png in Resources */,
				3C668F6E1D75E6910010B303 /* Assets.xcassets in Resources */,
				3C668F6C1D75E6910010B303 /* Main.storyboard in Resources */,
			);
			runOnlyForDeploymentPostprocessing = 0;
		};
/* End PBXResourcesBuildPhase section */

/* Begin PBXSourcesBuildPhase section */
		3C668F5F1D75E6910010B303 /* Sources */ = {
			isa = PBXSourcesBuildPhase;
			buildActionMask = 2147483647;
			files = (
				3C668F691D75E6910010B303 /* ViewController.swift in Sources */,
				3C668F671D75E6910010B303 /* AppDelegate.swift in Sources */,
			);
			runOnlyForDeploymentPostprocessing = 0;
		};
/* End PBXSourcesBuildPhase section */

/* Begin PBXVariantGroup section */
		3C668F6A1D75E6910010B303 /* Main.storyboard */ = {
			isa = PBXVariantGroup;
			children = (
				3C668F6B1D75E6910010B303 /* Base */,
			);
			name = Main.storyboard;
			sourceTree = "<group>";
		};
		3C668F6F1D75E6910010B303 /* LaunchScreen.storyboard */ = {
			isa = PBXVariantGroup;
			children = (
				3C668F701D75E6910010B303 /* Base */,
			);
			name = LaunchScreen.storyboard;
			sourceTree = "<group>";
		};
/* End PBXVariantGroup section */

/* Begin XCBuildConfiguration section */
		3C668F731D75E6910010B303 /* Debug */ = {
			isa = XCBuildConfiguration;
			buildSettings = {
				ALWAYS_SEARCH_USER_PATHS = NO;
				CLANG_ANALYZER_NONNULL = YES;
				CLANG_CXX_LANGUAGE_STANDARD = "gnu++0x";
				CLANG_CXX_LIBRARY = "libc++";
				CLANG_ENABLE_MODULES = YES;
				CLANG_ENABLE_OBJC_ARC = YES;
				CLANG_WARN_BOOL_CONVERSION = YES;
				CLANG_WARN_CONSTANT_CONVERSION = YES;
				CLANG_WARN_DIRECT_OBJC_ISA_USAGE = YES_ERROR;
				CLANG_WARN_EMPTY_BODY = YES;
				CLANG_WARN_ENUM_CONVERSION = YES;
				CLANG_WARN_INT_CONVERSION = YES;
				CLANG_WARN_OBJC_ROOT_CLASS = YES_ERROR;
				CLANG_WARN_UNREACHABLE_CODE = YES;
				CLANG_WARN__DUPLICATE_METHOD_MATCH = YES;
				"CODE_SIGN_IDENTITY[sdk=iphoneos*]" = "iPhone Developer";
				COPY_PHASE_STRIP = NO;
				DEBUG_INFORMATION_FORMAT = dwarf;
				ENABLE_STRICT_OBJC_MSGSEND = YES;
				ENABLE_TESTABILITY = YES;
				GCC_C_LANGUAGE_STANDARD = gnu99;
				GCC_DYNAMIC_NO_PIC = NO;
				GCC_NO_COMMON_BLOCKS = YES;
				GCC_OPTIMIZATION_LEVEL = 0;
				GCC_PREPROCESSOR_DEFINITIONS = (
					"DEBUG=1",
					"$(inherited)",
				);
				GCC_WARN_64_TO_32_BIT_CONVERSION = YES;
				GCC_WARN_ABOUT_RETURN_TYPE = YES_ERROR;
				GCC_WARN_UNDECLARED_SELECTOR = YES;
				GCC_WARN_UNINITIALIZED_AUTOS = YES_AGGRESSIVE;
				GCC_WARN_UNUSED_FUNCTION = YES;
				GCC_WARN_UNUSED_VARIABLE = YES;
				IPHONEOS_DEPLOYMENT_TARGET = 9.3;
				MTL_ENABLE_DEBUG_INFO = YES;
				ONLY_ACTIVE_ARCH = YES;
				SDKROOT = iphoneos;
				SWIFT_OPTIMIZATION_LEVEL = "-Onone";
			};
			name = Debug;
		};
		3C668F741D75E6910010B303 /* Release */ = {
			isa = XCBuildConfiguration;
			buildSettings = {
				ALWAYS_SEARCH_USER_PATHS = NO;
				CLANG_ANALYZER_NONNULL = YES;
				CLANG_CXX_LANGUAGE_STANDARD = "gnu++0x";
				CLANG_CXX_LIBRARY = "libc++";
				CLANG_ENABLE_MODULES = YES;
				CLANG_ENABLE_OBJC_ARC = YES;
				CLANG_WARN_BOOL_CONVERSION = YES;
				CLANG_WARN_CONSTANT_CONVERSION = YES;
				CLANG_WARN_DIRECT_OBJC_ISA_USAGE = YES_ERROR;
				CLANG_WARN_EMPTY_BODY = YES;
				CLANG_WARN_ENUM_CONVERSION = YES;
				CLANG_WARN_INT_CONVERSION = YES;
				CLANG_WARN_OBJC_ROOT_CLASS = YES_ERROR;
				CLANG_WARN_UNREACHABLE_CODE = YES;
				CLANG_WARN__DUPLICATE_METHOD_MATCH = YES;
				"CODE_SIGN_IDENTITY[sdk=iphoneos*]" = "iPhone Developer";
				COPY_PHASE_STRIP = NO;
				DEBUG_INFORMATION_FORMAT = "dwarf-with-dsym";
				ENABLE_NS_ASSERTIONS = NO;
				ENABLE_STRICT_OBJC_MSGSEND = YES;
				GCC_C_LANGUAGE_STANDARD = gnu99;
				GCC_NO_COMMON_BLOCKS = YES;
				GCC_WARN_64_TO_32_BIT_CONVERSION = YES;
				GCC_WARN_ABOUT_RETURN_TYPE = YES_ERROR;
				GCC_WARN_UNDECLARED_SELECTOR = YES;
				GCC_WARN_UNINITIALIZED_AUTOS = YES_AGGRESSIVE;
				GCC_WARN_UNUSED_FUNCTION = YES;
				GCC_WARN_UNUSED_VARIABLE = YES;
				IPHONEOS_DEPLOYMENT_TARGET = 9.3;
				MTL_ENABLE_DEBUG_INFO = NO;
				SDKROOT = iphoneos;
				VALIDATE_PRODUCT = YES;
			};
			name = Release;
		};
		3C668F761D75E6910010B303 /* Debug */ = {
			isa = XCBuildConfiguration;
			buildSettings = {
				ASSETCATALOG_COMPILER_APPICON_NAME = AppIcon;
				CODE_SIGN_IDENTITY = "iPhone Developer";
				"CODE_SIGN_IDENTITY[sdk=iphoneos*]" = "iPhone Developer";
				INFOPLIST_FILE = "Whats The Weather/Info.plist";
				LD_RUNPATH_SEARCH_PATHS = "$(inherited) @executable_path/Frameworks";
				PRODUCT_BUNDLE_IDENTIFIER = "com.gmail.Whats-The-Weather";
				PRODUCT_NAME = "$(TARGET_NAME)";
				PROVISIONING_PROFILE = "";
			};
			name = Debug;
		};
		3C668F771D75E6910010B303 /* Release */ = {
			isa = XCBuildConfiguration;
			buildSettings = {
				ASSETCATALOG_COMPILER_APPICON_NAME = AppIcon;
				CODE_SIGN_IDENTITY = "iPhone Developer";
				"CODE_SIGN_IDENTITY[sdk=iphoneos*]" = "iPhone Developer";
				INFOPLIST_FILE = "Whats The Weather/Info.plist";
				LD_RUNPATH_SEARCH_PATHS = "$(inherited) @executable_path/Frameworks";
				PRODUCT_BUNDLE_IDENTIFIER = "com.gmail.Whats-The-Weather";
				PRODUCT_NAME = "$(TARGET_NAME)";
				PROVISIONING_PROFILE = "";
			};
			name = Release;
		};
/* End XCBuildConfiguration section */

/* Begin XCConfigurationList section */
		3C668F5E1D75E6910010B303 /* Build configuration list for PBXProject "Whats The Weather" */ = {
			isa = XCConfigurationList;
			buildConfigurations = (
				3C668F731D75E6910010B303 /* Debug */,
				3C668F741D75E6910010B303 /* Release */,
			);
			defaultConfigurationIsVisible = 0;
			defaultConfigurationName = Release;
		};
		3C668F751D75E6910010B303 /* Build configuration list for PBXNativeTarget "Whats The Weather" */ = {
			isa = XCConfigurationList;
			buildConfigurations = (
				3C668F761D75E6910010B303 /* Debug */,
				3C668F771D75E6910010B303 /* Release */,
			);
			defaultConfigurationIsVisible = 0;
			defaultConfigurationName = Release;
		};
/* End XCConfigurationList section */
	};
	rootObject = 3C668F5B1D75E6910010B303 /* Project object */;
}
